
Microsoft Visual Studio Solution File, Format Version 12.00
# Visual Studio Version 16
VisualStudioVersion = 16.0.29306.81
MinimumVisualStudioVersion = 10.0.40219.1
Project("{FAE04EC0-301F-11D3-BF4B-00C04F79EFBC}") = "TTDM主页", "TTDM主页.csproj", "{92953E07-9402-4652-AA7F-DEE01025907B}"
EndProject
Project("{FAE04EC0-301F-11D3-BF4B-00C04F79EFBC}") = "Entity", "..\Entity\Entity.csproj", "{F82533E1-3845-4085-9DC3-DD3291AEA1C0}"
EndProject
Project("{FAE04EC0-301F-11D3-BF4B-00C04F79EFBC}") = "TTDM-BLL", "..\TTDM-BLL\TTDM-BLL.csproj", "{00632F64-9EB3-4E91-ADDB-9C19EC7BF8C4}"
EndProject
Project("{FAE04EC0-301F-11D3-BF4B-00C04F79EFBC}") = "TTDM-DAL", "..\TTDM-DAL\TTDM-DAL.csproj", "{4D56F37E-3D1F-4486-B9C7-F7806FFFDE3E}"
EndProject
Global
	GlobalSection(SolutionConfigurationPlatforms) = preSolution
		Debug|Any CPU = Debug|Any CPU
		Release|Any CPU = Release|Any CPU
	EndGlobalSection
	GlobalSection(ProjectConfigurationPlatforms) = postSolution
		{92953E07-9402-4652-AA7F-DEE01025907B}.Debug|Any CPU.ActiveCfg = Debug|Any CPU
		{92953E07-9402-4652-AA7F-DEE01025907B}.Debug|Any CPU.Build.0 = Debug|Any CPU
		{92953E07-9402-4652-AA7F-DEE01025907B}.Release|Any CPU.ActiveCfg = Release|Any CPU
		{92953E07-9402-4652-AA7F-DEE01025907B}.Release|Any CPU.Build.0 = Release|Any CPU
		{F82533E1-3845-4085-9DC3-DD3291AEA1C0}.Debug|Any CPU.ActiveCfg = Debug|Any CPU
		{F82533E1-3845-4085-9DC3-DD3291AEA1C0}.Debug|Any CPU.Build.0 = Debug|Any CPU
		{F82533E1-3845-4085-9DC3-DD3291AEA1C0}.Release|Any CPU.ActiveCfg = Release|Any CPU
		{F82533E1-3845-4085-9DC3-DD3291AEA1C0}.Release|Any CPU.Build.0 = Release|Any CPU
		{00632F64-9EB3-4E91-ADDB-9C19EC7BF8C4}.Debug|Any CPU.ActiveCfg = Debug|Any CPU
		{00632F64-9EB3-4E91-ADDB-9C19EC7BF8C4}.Debug|Any CPU.Build.0 = Debug|Any CPU
		{00632F64-9EB3-4E91-ADDB-9C19EC7BF8C4}.Release|Any CPU.ActiveCfg = Release|Any CPU
		{00632F64-9EB3-4E91-ADDB-9C19EC7BF8C4}.Release|Any CPU.Build.0 = Release|Any CPU
		{4D56F37E-3D1F-4486-B9C7-F7806FFFDE3E}.Debug|Any CPU.ActiveCfg = Debug|Any CPU
		{4D56F37E-3D1F-4486-B9C7-F7806FFFDE3E}.Debug|Any CPU.Build.0 = Debug|Any CPU
		{4D56F37E-3D1F-4486-B9C7-F7806FFFDE3E}.Release|Any CPU.ActiveCfg = Release|Any CPU
		{4D56F37E-3D1F-4486-B9C7-F7806FFFDE3E}.Release|Any CPU.Build.0 = Release|Any CPU
	EndGlobalSection
	GlobalSection(SolutionProperties) = preSolution
		HideSolutionNode = FALSE
	EndGlobalSection
	GlobalSection(ExtensibilityGlobals) = postSolution
		SolutionGuid = {CA893E31-6E55-43FC-A074-42AA4D0EEFAB}
	EndGlobalSection
EndGlobal
