
Microsoft Visual Studio Solution File, Format Version 12.00
# Visual Studio Version 16
VisualStudioVersion = 16.0.29306.81
MinimumVisualStudioVersion = 10.0.40219.1
Project("{FAE04EC0-301F-11D3-BF4B-00C04F79EFBC}") = "TTDM主页", "TTDM主页.csproj", "{92953E07-9402-4652-AA7F-DEE01025907B}"
EndProject
Project("{FAE04EC0-301F-11D3-BF4B-00C04F79EFBC}") = "TTDM-DAL", "..\TTDM-DAL\TTDM-DAL.csproj", "{BC1B524A-BC57-4E60-855B-6AAB5AD33528}"
EndProject
Project("{FAE04EC0-301F-11D3-BF4B-00C04F79EFBC}") = "TTDM-BLL", "..\TTDM-BLL\TTDM-BLL.csproj", "{8223E101-DEC3-4C29-BB0D-C7C26BDDCABF}"
EndProject
Global
	GlobalSection(SolutionConfigurationPlatforms) = preSolution
		Debug|Any CPU = Debug|Any CPU
		Release|Any CPU = Release|Any CPU
	EndGlobalSection
	GlobalSection(ProjectConfigurationPlatforms) = postSolution
		{92953E07-9402-4652-AA7F-DEE01025907B}.Debug|Any CPU.ActiveCfg = Debug|Any CPU
		{92953E07-9402-4652-AA7F-DEE01025907B}.Debug|Any CPU.Build.0 = Debug|Any CPU
		{92953E07-9402-4652-AA7F-DEE01025907B}.Release|Any CPU.ActiveCfg = Release|Any CPU
		{92953E07-9402-4652-AA7F-DEE01025907B}.Release|Any CPU.Build.0 = Release|Any CPU
		{BC1B524A-BC57-4E60-855B-6AAB5AD33528}.Debug|Any CPU.ActiveCfg = Debug|Any CPU
		{BC1B524A-BC57-4E60-855B-6AAB5AD33528}.Debug|Any CPU.Build.0 = Debug|Any CPU
		{BC1B524A-BC57-4E60-855B-6AAB5AD33528}.Release|Any CPU.ActiveCfg = Release|Any CPU
		{BC1B524A-BC57-4E60-855B-6AAB5AD33528}.Release|Any CPU.Build.0 = Release|Any CPU
		{8223E101-DEC3-4C29-BB0D-C7C26BDDCABF}.Debug|Any CPU.ActiveCfg = Debug|Any CPU
		{8223E101-DEC3-4C29-BB0D-C7C26BDDCABF}.Debug|Any CPU.Build.0 = Debug|Any CPU
		{8223E101-DEC3-4C29-BB0D-C7C26BDDCABF}.Release|Any CPU.ActiveCfg = Release|Any CPU
		{8223E101-DEC3-4C29-BB0D-C7C26BDDCABF}.Release|Any CPU.Build.0 = Release|Any CPU
	EndGlobalSection
	GlobalSection(SolutionProperties) = preSolution
		HideSolutionNode = FALSE
	EndGlobalSection
	GlobalSection(ExtensibilityGlobals) = postSolution
		SolutionGuid = {CA893E31-6E55-43FC-A074-42AA4D0EEFAB}
	EndGlobalSection
EndGlobal
